
Microsoft Visual Studio Solution File, Format Version 12.00
# Visual Studio Version 16
VisualStudioVersion = 16.0.29911.84
MinimumVisualStudioVersion = 10.0.40219.1
Project("{FAE04EC0-301F-11D3-BF4B-00C04F79EFBC}") = "cw11", "cw11\cw11.csproj", "{2B98E346-C4BE-442F-B55A-649D7F1D5FDC}"
EndProject
Global
	GlobalSection(SolutionConfigurationPlatforms) = preSolution
		Debug|Any CPU = Debug|Any CPU
		Release|Any CPU = Release|Any CPU
	EndGlobalSection
	GlobalSection(ProjectConfigurationPlatforms) = postSolution
		{2B98E346-C4BE-442F-B55A-649D7F1D5FDC}.Debug|Any CPU.ActiveCfg = Debug|Any CPU
		{2B98E346-C4BE-442F-B55A-649D7F1D5FDC}.Debug|Any CPU.Build.0 = Debug|Any CPU
		{2B98E346-C4BE-442F-B55A-649D7F1D5FDC}.Release|Any CPU.ActiveCfg = Release|Any CPU
		{2B98E346-C4BE-442F-B55A-649D7F1D5FDC}.Release|Any CPU.Build.0 = Release|Any CPU
	EndGlobalSection
	GlobalSection(SolutionProperties) = preSolution
		HideSolutionNode = FALSE
	EndGlobalSection
	GlobalSection(ExtensibilityGlobals) = postSolution
		SolutionGuid = {FFA8F90F-5408-40C9-9C36-A9D79DB080F5}
	EndGlobalSection
EndGlobal
